
Microsoft Visual Studio Solution File, Format Version 12.00
# Visual Studio 15
VisualStudioVersion = 15.0.27130.2036
MinimumVisualStudioVersion = 10.0.40219.1
Project("{FAE04EC0-301F-11D3-BF4B-00C04F79EFBC}") = "Second-Application", "Second-Application\Second-Application.csproj", "{500D9F88-5FD0-4BD6-886F-5C0D6293B25B}"
EndProject
Global
	GlobalSection(SolutionConfigurationPlatforms) = preSolution
		Debug|Any CPU = Debug|Any CPU
		Release|Any CPU = Release|Any CPU
	EndGlobalSection
	GlobalSection(ProjectConfigurationPlatforms) = postSolution
		{500D9F88-5FD0-4BD6-886F-5C0D6293B25B}.Debug|Any CPU.ActiveCfg = Debug|Any CPU
		{500D9F88-5FD0-4BD6-886F-5C0D6293B25B}.Debug|Any CPU.Build.0 = Debug|Any CPU
		{500D9F88-5FD0-4BD6-886F-5C0D6293B25B}.Release|Any CPU.ActiveCfg = Release|Any CPU
		{500D9F88-5FD0-4BD6-886F-5C0D6293B25B}.Release|Any CPU.Build.0 = Release|Any CPU
	EndGlobalSection
	GlobalSection(SolutionProperties) = preSolution
		HideSolutionNode = FALSE
	EndGlobalSection
	GlobalSection(ExtensibilityGlobals) = postSolution
		SolutionGuid = {21A07144-3331-4152-BB56-AD1BCF5CAD93}
	EndGlobalSection
EndGlobal
